
Microsoft Visual Studio Solution File, Format Version 12.00
# Visual Studio Version 17
VisualStudioVersion = 17.11.35208.52
MinimumVisualStudioVersion = 10.0.40219.1
Project("{9A19103F-16F7-4668-BE54-9A1E7A4F7556}") = "WebDevMasterClass.AppHost", "src\WebDevMasterClass\WebDevMasterClass.AppHost\WebDevMasterClass.AppHost.csproj", "{C1A19196-65DA-4CD0-8761-5CCE85BE388E}"
EndProject
Project("{9A19103F-16F7-4668-BE54-9A1E7A4F7556}") = "WebDevMasterClass.ServiceDefaults", "src\WebDevMasterClass\WebDevMasterClass.ServiceDefaults\WebDevMasterClass.ServiceDefaults.csproj", "{4DAC3E53-3DD2-423C-8993-8B692D32FC11}"
EndProject
Project("{9A19103F-16F7-4668-BE54-9A1E7A4F7556}") = "WebDevMasterClass.Web", "src\WebDevMasterClass.Web\WebDevMasterClass.Web.csproj", "{00AB3323-C955-4349-828D-F66F625D26FD}"
EndProject
Project("{9A19103F-16F7-4668-BE54-9A1E7A4F7556}") = "WebDevMasterClass.Services.Products", "src\WebDevMasterClass.Services.Products\WebDevMasterClass.Services.Products.csproj", "{E9550715-F2DB-440E-BABF-1426D7929C68}"
EndProject
Project("{FAE04EC0-301F-11D3-BF4B-00C04F79EFBC}") = "WebDevMasterClass.Services.Products.Tests", "tests\WebDevMasterClass.Services.Products.Tests\WebDevMasterClass.Services.Products.Tests.csproj", "{E85132FE-9AD6-41E7-A8CB-D035CF7D31BB}"
EndProject
Project("{FAE04EC0-301F-11D3-BF4B-00C04F79EFBC}") = "WebDevMasterClass.Testing", "tests\WebDevMasterClass.Testing\WebDevMasterClass.Testing.csproj", "{E00C45AE-2C0E-415B-84A1-D9D795EC1AD0}"
EndProject
Project("{FAE04EC0-301F-11D3-BF4B-00C04F79EFBC}") = "WebDevMasterClass.Services.Products.Client", "src\WebDevMasterClass.Services.Products.Client\WebDevMasterClass.Services.Products.Client.csproj", "{D2FDBE3A-2750-4E69-A53A-64EC0F932D33}"
EndProject
Project("{FAE04EC0-301F-11D3-BF4B-00C04F79EFBC}") = "WebDevMasterClass.Web.Tests", "tests\WebDevMasterClass.Web.Tests\WebDevMasterClass.Web.Tests.csproj", "{4DF8F652-9B4F-4568-A23A-6BDE8A751C55}"
EndProject
Project("{FAE04EC0-301F-11D3-BF4B-00C04F79EFBC}") = "WebDevMasterClass.Services.Orders", "src\WebDevMasterClass.Services.Orders\WebDevMasterClass.Services.Orders.csproj", "{2EC25546-B448-46C3-A27C-42036E2EE456}"
EndProject
Project("{FAE04EC0-301F-11D3-BF4B-00C04F79EFBC}") = "WebDevMasterClass.Services.Orders.Tests", "tests\WebDevMasterClass.Services.Orders.Tests\WebDevMasterClass.Services.Orders.Tests.csproj", "{337D2A0D-3F56-4C4E-BA18-D0C201025E63}"
EndProject
Global
	GlobalSection(SolutionConfigurationPlatforms) = preSolution
		Debug|Any CPU = Debug|Any CPU
		Release|Any CPU = Release|Any CPU
	EndGlobalSection
	GlobalSection(ProjectConfigurationPlatforms) = postSolution
		{C1A19196-65DA-4CD0-8761-5CCE85BE388E}.Debug|Any CPU.ActiveCfg = Debug|Any CPU
		{C1A19196-65DA-4CD0-8761-5CCE85BE388E}.Debug|Any CPU.Build.0 = Debug|Any CPU
		{C1A19196-65DA-4CD0-8761-5CCE85BE388E}.Release|Any CPU.ActiveCfg = Release|Any CPU
		{C1A19196-65DA-4CD0-8761-5CCE85BE388E}.Release|Any CPU.Build.0 = Release|Any CPU
		{4DAC3E53-3DD2-423C-8993-8B692D32FC11}.Debug|Any CPU.ActiveCfg = Debug|Any CPU
		{4DAC3E53-3DD2-423C-8993-8B692D32FC11}.Debug|Any CPU.Build.0 = Debug|Any CPU
		{4DAC3E53-3DD2-423C-8993-8B692D32FC11}.Release|Any CPU.ActiveCfg = Release|Any CPU
		{4DAC3E53-3DD2-423C-8993-8B692D32FC11}.Release|Any CPU.Build.0 = Release|Any CPU
		{00AB3323-C955-4349-828D-F66F625D26FD}.Debug|Any CPU.ActiveCfg = Debug|Any CPU
		{00AB3323-C955-4349-828D-F66F625D26FD}.Debug|Any CPU.Build.0 = Debug|Any CPU
		{00AB3323-C955-4349-828D-F66F625D26FD}.Release|Any CPU.ActiveCfg = Release|Any CPU
		{00AB3323-C955-4349-828D-F66F625D26FD}.Release|Any CPU.Build.0 = Release|Any CPU
		{E9550715-F2DB-440E-BABF-1426D7929C68}.Debug|Any CPU.ActiveCfg = Debug|Any CPU
		{E9550715-F2DB-440E-BABF-1426D7929C68}.Debug|Any CPU.Build.0 = Debug|Any CPU
		{E9550715-F2DB-440E-BABF-1426D7929C68}.Release|Any CPU.ActiveCfg = Release|Any CPU
		{E9550715-F2DB-440E-BABF-1426D7929C68}.Release|Any CPU.Build.0 = Release|Any CPU
		{E85132FE-9AD6-41E7-A8CB-D035CF7D31BB}.Debug|Any CPU.ActiveCfg = Debug|Any CPU
		{E85132FE-9AD6-41E7-A8CB-D035CF7D31BB}.Debug|Any CPU.Build.0 = Debug|Any CPU
		{E85132FE-9AD6-41E7-A8CB-D035CF7D31BB}.Release|Any CPU.ActiveCfg = Release|Any CPU
		{E85132FE-9AD6-41E7-A8CB-D035CF7D31BB}.Release|Any CPU.Build.0 = Release|Any CPU
		{E00C45AE-2C0E-415B-84A1-D9D795EC1AD0}.Debug|Any CPU.ActiveCfg = Debug|Any CPU
		{E00C45AE-2C0E-415B-84A1-D9D795EC1AD0}.Debug|Any CPU.Build.0 = Debug|Any CPU
		{E00C45AE-2C0E-415B-84A1-D9D795EC1AD0}.Release|Any CPU.ActiveCfg = Release|Any CPU
		{E00C45AE-2C0E-415B-84A1-D9D795EC1AD0}.Release|Any CPU.Build.0 = Release|Any CPU
		{D2FDBE3A-2750-4E69-A53A-64EC0F932D33}.Debug|Any CPU.ActiveCfg = Debug|Any CPU
		{D2FDBE3A-2750-4E69-A53A-64EC0F932D33}.Debug|Any CPU.Build.0 = Debug|Any CPU
		{D2FDBE3A-2750-4E69-A53A-64EC0F932D33}.Release|Any CPU.ActiveCfg = Release|Any CPU
		{D2FDBE3A-2750-4E69-A53A-64EC0F932D33}.Release|Any CPU.Build.0 = Release|Any CPU
		{4DF8F652-9B4F-4568-A23A-6BDE8A751C55}.Debug|Any CPU.ActiveCfg = Debug|Any CPU
		{4DF8F652-9B4F-4568-A23A-6BDE8A751C55}.Debug|Any CPU.Build.0 = Debug|Any CPU
		{4DF8F652-9B4F-4568-A23A-6BDE8A751C55}.Release|Any CPU.ActiveCfg = Release|Any CPU
		{4DF8F652-9B4F-4568-A23A-6BDE8A751C55}.Release|Any CPU.Build.0 = Release|Any CPU
		{2EC25546-B448-46C3-A27C-42036E2EE456}.Debug|Any CPU.ActiveCfg = Debug|Any CPU
		{2EC25546-B448-46C3-A27C-42036E2EE456}.Debug|Any CPU.Build.0 = Debug|Any CPU
		{2EC25546-B448-46C3-A27C-42036E2EE456}.Release|Any CPU.ActiveCfg = Release|Any CPU
		{2EC25546-B448-46C3-A27C-42036E2EE456}.Release|Any CPU.Build.0 = Release|Any CPU
		{337D2A0D-3F56-4C4E-BA18-D0C201025E63}.Debug|Any CPU.ActiveCfg = Debug|Any CPU
		{337D2A0D-3F56-4C4E-BA18-D0C201025E63}.Debug|Any CPU.Build.0 = Debug|Any CPU
		{337D2A0D-3F56-4C4E-BA18-D0C201025E63}.Release|Any CPU.ActiveCfg = Release|Any CPU
		{337D2A0D-3F56-4C4E-BA18-D0C201025E63}.Release|Any CPU.Build.0 = Release|Any CPU
	EndGlobalSection
	GlobalSection(SolutionProperties) = preSolution
		HideSolutionNode = FALSE
	EndGlobalSection
	GlobalSection(ExtensibilityGlobals) = postSolution
		SolutionGuid = {7F5E38F4-CF68-4C9B-A570-1AA5D9C42321}
	EndGlobalSection
EndGlobal
