
Microsoft Visual Studio Solution File, Format Version 12.00
# Visual Studio Version 17
VisualStudioVersion = 17.11.35208.52
MinimumVisualStudioVersion = 10.0.40219.1
Project("{2150E333-8FDC-42A3-9474-1A3956D46DE8}") = "src", "src", "{3DD260DD-D3FA-460F-8A43-08220B809952}"
EndProject
Project("{FAE04EC0-301F-11D3-BF4B-00C04F79EFBC}") = "WebDevMasterClass.AppHost", "src\WebDevMasterClass.AppHost\WebDevMasterClass.AppHost.csproj", "{6CFF1B98-22C6-48F8-AA6D-E19E440F1A03}"
EndProject
Project("{FAE04EC0-301F-11D3-BF4B-00C04F79EFBC}") = "WebDevMasterClass.ServiceDefaults", "src\WebDevMasterClass.ServiceDefaults\WebDevMasterClass.ServiceDefaults.csproj", "{792E647D-9DF4-4521-BA7F-37D9D43B5134}"
EndProject
Project("{FAE04EC0-301F-11D3-BF4B-00C04F79EFBC}") = "WebDevMasterClass.Web", "src\WebDevMasterClass.Web\WebDevMasterClass.Web.csproj", "{120E9EFE-0CAA-4F51-B5BF-0EDE48FA13F5}"
EndProject
Project("{FAE04EC0-301F-11D3-BF4B-00C04F79EFBC}") = "WebDevMasterClass.Services.Products", "src\WebDevMasterClass.Services.Products\WebDevMasterClass.Services.Products.csproj", "{E09786C4-6BF9-49E9-9FD1-2081906419B5}"
EndProject
Project("{2150E333-8FDC-42A3-9474-1A3956D46DE8}") = "tests", "tests", "{421201F1-662D-4770-842F-6940BCE43F85}"
EndProject
Project("{FAE04EC0-301F-11D3-BF4B-00C04F79EFBC}") = "WebDevMasterClass.Services.Products.Tests", "tests\WebDevMasterClass.Services.Products.Tests\WebDevMasterClass.Services.Products.Tests.csproj", "{89C88B68-D777-496B-92C2-1973AA281567}"
EndProject
Project("{FAE04EC0-301F-11D3-BF4B-00C04F79EFBC}") = "WebDevMasterClass.Testing", "tests\WebDevMasterClass.Testing\WebDevMasterClass.Testing.csproj", "{0BBCA856-8304-4BAC-99B3-CB98BD039689}"
EndProject
Project("{FAE04EC0-301F-11D3-BF4B-00C04F79EFBC}") = "WebDevMasterClass.Services.Products.Client", "src\WebDevMasterClass.Services.Products.Client \WebDevMasterClass.Services.Products.Client.csproj", "{CCC03258-B2AA-4319-9E0D-73BBCEB7E669}"
EndProject
Project("{FAE04EC0-301F-11D3-BF4B-00C04F79EFBC}") = "WebDevMasterClass.Web.Tests", "tests\WebDevMasterClass.Web.Tests\WebDevMasterClass.Web.Tests.csproj", "{5DC6502D-14F5-4652-9643-5AFCA57E10C5}"
EndProject
Project("{FAE04EC0-301F-11D3-BF4B-00C04F79EFBC}") = "WebDevMasterClass.Services.Orders", "src\WebDevMasterClass.Services.Orders\WebDevMasterClass.Services.Orders.csproj", "{A15FE2AE-01C0-4873-B129-41588595EE72}"
EndProject
Project("{FAE04EC0-301F-11D3-BF4B-00C04F79EFBC}") = "WebDevMasterClass.Services.Orders.Tests", "tests\WebDevMasterClass.Services.Orders.Tests\WebDevMasterClass.Services.Orders.Tests.csproj", "{82B24B31-3DD2-4A81-9148-030347699E1B}"
EndProject
Global
	GlobalSection(SolutionConfigurationPlatforms) = preSolution
		Debug|Any CPU = Debug|Any CPU
		Debug|x64 = Debug|x64
		Debug|x86 = Debug|x86
		Release|Any CPU = Release|Any CPU
		Release|x64 = Release|x64
		Release|x86 = Release|x86
	EndGlobalSection
	GlobalSection(ProjectConfigurationPlatforms) = postSolution
		{6CFF1B98-22C6-48F8-AA6D-E19E440F1A03}.Debug|Any CPU.ActiveCfg = Debug|Any CPU
		{6CFF1B98-22C6-48F8-AA6D-E19E440F1A03}.Debug|Any CPU.Build.0 = Debug|Any CPU
		{6CFF1B98-22C6-48F8-AA6D-E19E440F1A03}.Debug|x64.ActiveCfg = Debug|Any CPU
		{6CFF1B98-22C6-48F8-AA6D-E19E440F1A03}.Debug|x64.Build.0 = Debug|Any CPU
		{6CFF1B98-22C6-48F8-AA6D-E19E440F1A03}.Debug|x86.ActiveCfg = Debug|Any CPU
		{6CFF1B98-22C6-48F8-AA6D-E19E440F1A03}.Debug|x86.Build.0 = Debug|Any CPU
		{6CFF1B98-22C6-48F8-AA6D-E19E440F1A03}.Release|Any CPU.ActiveCfg = Release|Any CPU
		{6CFF1B98-22C6-48F8-AA6D-E19E440F1A03}.Release|Any CPU.Build.0 = Release|Any CPU
		{6CFF1B98-22C6-48F8-AA6D-E19E440F1A03}.Release|x64.ActiveCfg = Release|Any CPU
		{6CFF1B98-22C6-48F8-AA6D-E19E440F1A03}.Release|x64.Build.0 = Release|Any CPU
		{6CFF1B98-22C6-48F8-AA6D-E19E440F1A03}.Release|x86.ActiveCfg = Release|Any CPU
		{6CFF1B98-22C6-48F8-AA6D-E19E440F1A03}.Release|x86.Build.0 = Release|Any CPU
		{792E647D-9DF4-4521-BA7F-37D9D43B5134}.Debug|Any CPU.ActiveCfg = Debug|Any CPU
		{792E647D-9DF4-4521-BA7F-37D9D43B5134}.Debug|Any CPU.Build.0 = Debug|Any CPU
		{792E647D-9DF4-4521-BA7F-37D9D43B5134}.Debug|x64.ActiveCfg = Debug|Any CPU
		{792E647D-9DF4-4521-BA7F-37D9D43B5134}.Debug|x64.Build.0 = Debug|Any CPU
		{792E647D-9DF4-4521-BA7F-37D9D43B5134}.Debug|x86.ActiveCfg = Debug|Any CPU
		{792E647D-9DF4-4521-BA7F-37D9D43B5134}.Debug|x86.Build.0 = Debug|Any CPU
		{792E647D-9DF4-4521-BA7F-37D9D43B5134}.Release|Any CPU.ActiveCfg = Release|Any CPU
		{792E647D-9DF4-4521-BA7F-37D9D43B5134}.Release|Any CPU.Build.0 = Release|Any CPU
		{792E647D-9DF4-4521-BA7F-37D9D43B5134}.Release|x64.ActiveCfg = Release|Any CPU
		{792E647D-9DF4-4521-BA7F-37D9D43B5134}.Release|x64.Build.0 = Release|Any CPU
		{792E647D-9DF4-4521-BA7F-37D9D43B5134}.Release|x86.ActiveCfg = Release|Any CPU
		{792E647D-9DF4-4521-BA7F-37D9D43B5134}.Release|x86.Build.0 = Release|Any CPU
		{120E9EFE-0CAA-4F51-B5BF-0EDE48FA13F5}.Debug|Any CPU.ActiveCfg = Debug|Any CPU
		{120E9EFE-0CAA-4F51-B5BF-0EDE48FA13F5}.Debug|Any CPU.Build.0 = Debug|Any CPU
		{120E9EFE-0CAA-4F51-B5BF-0EDE48FA13F5}.Debug|x64.ActiveCfg = Debug|Any CPU
		{120E9EFE-0CAA-4F51-B5BF-0EDE48FA13F5}.Debug|x64.Build.0 = Debug|Any CPU
		{120E9EFE-0CAA-4F51-B5BF-0EDE48FA13F5}.Debug|x86.ActiveCfg = Debug|Any CPU
		{120E9EFE-0CAA-4F51-B5BF-0EDE48FA13F5}.Debug|x86.Build.0 = Debug|Any CPU
		{120E9EFE-0CAA-4F51-B5BF-0EDE48FA13F5}.Release|Any CPU.ActiveCfg = Release|Any CPU
		{120E9EFE-0CAA-4F51-B5BF-0EDE48FA13F5}.Release|Any CPU.Build.0 = Release|Any CPU
		{120E9EFE-0CAA-4F51-B5BF-0EDE48FA13F5}.Release|x64.ActiveCfg = Release|Any CPU
		{120E9EFE-0CAA-4F51-B5BF-0EDE48FA13F5}.Release|x64.Build.0 = Release|Any CPU
		{120E9EFE-0CAA-4F51-B5BF-0EDE48FA13F5}.Release|x86.ActiveCfg = Release|Any CPU
		{120E9EFE-0CAA-4F51-B5BF-0EDE48FA13F5}.Release|x86.Build.0 = Release|Any CPU
		{E09786C4-6BF9-49E9-9FD1-2081906419B5}.Debug|Any CPU.ActiveCfg = Debug|Any CPU
		{E09786C4-6BF9-49E9-9FD1-2081906419B5}.Debug|Any CPU.Build.0 = Debug|Any CPU
		{E09786C4-6BF9-49E9-9FD1-2081906419B5}.Debug|x64.ActiveCfg = Debug|Any CPU
		{E09786C4-6BF9-49E9-9FD1-2081906419B5}.Debug|x64.Build.0 = Debug|Any CPU
		{E09786C4-6BF9-49E9-9FD1-2081906419B5}.Debug|x86.ActiveCfg = Debug|Any CPU
		{E09786C4-6BF9-49E9-9FD1-2081906419B5}.Debug|x86.Build.0 = Debug|Any CPU
		{E09786C4-6BF9-49E9-9FD1-2081906419B5}.Release|Any CPU.ActiveCfg = Release|Any CPU
		{E09786C4-6BF9-49E9-9FD1-2081906419B5}.Release|Any CPU.Build.0 = Release|Any CPU
		{E09786C4-6BF9-49E9-9FD1-2081906419B5}.Release|x64.ActiveCfg = Release|Any CPU
		{E09786C4-6BF9-49E9-9FD1-2081906419B5}.Release|x64.Build.0 = Release|Any CPU
		{E09786C4-6BF9-49E9-9FD1-2081906419B5}.Release|x86.ActiveCfg = Release|Any CPU
		{E09786C4-6BF9-49E9-9FD1-2081906419B5}.Release|x86.Build.0 = Release|Any CPU
		{89C88B68-D777-496B-92C2-1973AA281567}.Debug|Any CPU.ActiveCfg = Debug|Any CPU
		{89C88B68-D777-496B-92C2-1973AA281567}.Debug|Any CPU.Build.0 = Debug|Any CPU
		{89C88B68-D777-496B-92C2-1973AA281567}.Debug|x64.ActiveCfg = Debug|Any CPU
		{89C88B68-D777-496B-92C2-1973AA281567}.Debug|x64.Build.0 = Debug|Any CPU
		{89C88B68-D777-496B-92C2-1973AA281567}.Debug|x86.ActiveCfg = Debug|Any CPU
		{89C88B68-D777-496B-92C2-1973AA281567}.Debug|x86.Build.0 = Debug|Any CPU
		{89C88B68-D777-496B-92C2-1973AA281567}.Release|Any CPU.ActiveCfg = Release|Any CPU
		{89C88B68-D777-496B-92C2-1973AA281567}.Release|Any CPU.Build.0 = Release|Any CPU
		{89C88B68-D777-496B-92C2-1973AA281567}.Release|x64.ActiveCfg = Release|Any CPU
		{89C88B68-D777-496B-92C2-1973AA281567}.Release|x64.Build.0 = Release|Any CPU
		{89C88B68-D777-496B-92C2-1973AA281567}.Release|x86.ActiveCfg = Release|Any CPU
		{89C88B68-D777-496B-92C2-1973AA281567}.Release|x86.Build.0 = Release|Any CPU
		{0BBCA856-8304-4BAC-99B3-CB98BD039689}.Debug|Any CPU.ActiveCfg = Debug|Any CPU
		{0BBCA856-8304-4BAC-99B3-CB98BD039689}.Debug|Any CPU.Build.0 = Debug|Any CPU
		{0BBCA856-8304-4BAC-99B3-CB98BD039689}.Debug|x64.ActiveCfg = Debug|Any CPU
		{0BBCA856-8304-4BAC-99B3-CB98BD039689}.Debug|x64.Build.0 = Debug|Any CPU
		{0BBCA856-8304-4BAC-99B3-CB98BD039689}.Debug|x86.ActiveCfg = Debug|Any CPU
		{0BBCA856-8304-4BAC-99B3-CB98BD039689}.Debug|x86.Build.0 = Debug|Any CPU
		{0BBCA856-8304-4BAC-99B3-CB98BD039689}.Release|Any CPU.ActiveCfg = Release|Any CPU
		{0BBCA856-8304-4BAC-99B3-CB98BD039689}.Release|Any CPU.Build.0 = Release|Any CPU
		{0BBCA856-8304-4BAC-99B3-CB98BD039689}.Release|x64.ActiveCfg = Release|Any CPU
		{0BBCA856-8304-4BAC-99B3-CB98BD039689}.Release|x64.Build.0 = Release|Any CPU
		{0BBCA856-8304-4BAC-99B3-CB98BD039689}.Release|x86.ActiveCfg = Release|Any CPU
		{0BBCA856-8304-4BAC-99B3-CB98BD039689}.Release|x86.Build.0 = Release|Any CPU
		{CCC03258-B2AA-4319-9E0D-73BBCEB7E669}.Debug|Any CPU.ActiveCfg = Debug|Any CPU
		{CCC03258-B2AA-4319-9E0D-73BBCEB7E669}.Debug|Any CPU.Build.0 = Debug|Any CPU
		{CCC03258-B2AA-4319-9E0D-73BBCEB7E669}.Debug|x64.ActiveCfg = Debug|Any CPU
		{CCC03258-B2AA-4319-9E0D-73BBCEB7E669}.Debug|x64.Build.0 = Debug|Any CPU
		{CCC03258-B2AA-4319-9E0D-73BBCEB7E669}.Debug|x86.ActiveCfg = Debug|Any CPU
		{CCC03258-B2AA-4319-9E0D-73BBCEB7E669}.Debug|x86.Build.0 = Debug|Any CPU
		{CCC03258-B2AA-4319-9E0D-73BBCEB7E669}.Release|Any CPU.ActiveCfg = Release|Any CPU
		{CCC03258-B2AA-4319-9E0D-73BBCEB7E669}.Release|Any CPU.Build.0 = Release|Any CPU
		{CCC03258-B2AA-4319-9E0D-73BBCEB7E669}.Release|x64.ActiveCfg = Release|Any CPU
		{CCC03258-B2AA-4319-9E0D-73BBCEB7E669}.Release|x64.Build.0 = Release|Any CPU
		{CCC03258-B2AA-4319-9E0D-73BBCEB7E669}.Release|x86.ActiveCfg = Release|Any CPU
		{CCC03258-B2AA-4319-9E0D-73BBCEB7E669}.Release|x86.Build.0 = Release|Any CPU
		{5DC6502D-14F5-4652-9643-5AFCA57E10C5}.Debug|Any CPU.ActiveCfg = Debug|Any CPU
		{5DC6502D-14F5-4652-9643-5AFCA57E10C5}.Debug|Any CPU.Build.0 = Debug|Any CPU
		{5DC6502D-14F5-4652-9643-5AFCA57E10C5}.Debug|x64.ActiveCfg = Debug|Any CPU
		{5DC6502D-14F5-4652-9643-5AFCA57E10C5}.Debug|x64.Build.0 = Debug|Any CPU
		{5DC6502D-14F5-4652-9643-5AFCA57E10C5}.Debug|x86.ActiveCfg = Debug|Any CPU
		{5DC6502D-14F5-4652-9643-5AFCA57E10C5}.Debug|x86.Build.0 = Debug|Any CPU
		{5DC6502D-14F5-4652-9643-5AFCA57E10C5}.Release|Any CPU.ActiveCfg = Release|Any CPU
		{5DC6502D-14F5-4652-9643-5AFCA57E10C5}.Release|Any CPU.Build.0 = Release|Any CPU
		{5DC6502D-14F5-4652-9643-5AFCA57E10C5}.Release|x64.ActiveCfg = Release|Any CPU
		{5DC6502D-14F5-4652-9643-5AFCA57E10C5}.Release|x64.Build.0 = Release|Any CPU
		{5DC6502D-14F5-4652-9643-5AFCA57E10C5}.Release|x86.ActiveCfg = Release|Any CPU
		{5DC6502D-14F5-4652-9643-5AFCA57E10C5}.Release|x86.Build.0 = Release|Any CPU
		{A15FE2AE-01C0-4873-B129-41588595EE72}.Debug|Any CPU.ActiveCfg = Debug|Any CPU
		{A15FE2AE-01C0-4873-B129-41588595EE72}.Debug|Any CPU.Build.0 = Debug|Any CPU
		{A15FE2AE-01C0-4873-B129-41588595EE72}.Debug|x64.ActiveCfg = Debug|Any CPU
		{A15FE2AE-01C0-4873-B129-41588595EE72}.Debug|x64.Build.0 = Debug|Any CPU
		{A15FE2AE-01C0-4873-B129-41588595EE72}.Debug|x86.ActiveCfg = Debug|Any CPU
		{A15FE2AE-01C0-4873-B129-41588595EE72}.Debug|x86.Build.0 = Debug|Any CPU
		{A15FE2AE-01C0-4873-B129-41588595EE72}.Release|Any CPU.ActiveCfg = Release|Any CPU
		{A15FE2AE-01C0-4873-B129-41588595EE72}.Release|Any CPU.Build.0 = Release|Any CPU
		{A15FE2AE-01C0-4873-B129-41588595EE72}.Release|x64.ActiveCfg = Release|Any CPU
		{A15FE2AE-01C0-4873-B129-41588595EE72}.Release|x64.Build.0 = Release|Any CPU
		{A15FE2AE-01C0-4873-B129-41588595EE72}.Release|x86.ActiveCfg = Release|Any CPU
		{A15FE2AE-01C0-4873-B129-41588595EE72}.Release|x86.Build.0 = Release|Any CPU
		{82B24B31-3DD2-4A81-9148-030347699E1B}.Debug|Any CPU.ActiveCfg = Debug|Any CPU
		{82B24B31-3DD2-4A81-9148-030347699E1B}.Debug|Any CPU.Build.0 = Debug|Any CPU
		{82B24B31-3DD2-4A81-9148-030347699E1B}.Debug|x64.ActiveCfg = Debug|Any CPU
		{82B24B31-3DD2-4A81-9148-030347699E1B}.Debug|x64.Build.0 = Debug|Any CPU
		{82B24B31-3DD2-4A81-9148-030347699E1B}.Debug|x86.ActiveCfg = Debug|Any CPU
		{82B24B31-3DD2-4A81-9148-030347699E1B}.Debug|x86.Build.0 = Debug|Any CPU
		{82B24B31-3DD2-4A81-9148-030347699E1B}.Release|Any CPU.ActiveCfg = Release|Any CPU
		{82B24B31-3DD2-4A81-9148-030347699E1B}.Release|Any CPU.Build.0 = Release|Any CPU
		{82B24B31-3DD2-4A81-9148-030347699E1B}.Release|x64.ActiveCfg = Release|Any CPU
		{82B24B31-3DD2-4A81-9148-030347699E1B}.Release|x64.Build.0 = Release|Any CPU
		{82B24B31-3DD2-4A81-9148-030347699E1B}.Release|x86.ActiveCfg = Release|Any CPU
		{82B24B31-3DD2-4A81-9148-030347699E1B}.Release|x86.Build.0 = Release|Any CPU
	EndGlobalSection
	GlobalSection(SolutionProperties) = preSolution
		HideSolutionNode = FALSE
	EndGlobalSection
	GlobalSection(NestedProjects) = preSolution
		{6CFF1B98-22C6-48F8-AA6D-E19E440F1A03} = {3DD260DD-D3FA-460F-8A43-08220B809952}
		{792E647D-9DF4-4521-BA7F-37D9D43B5134} = {3DD260DD-D3FA-460F-8A43-08220B809952}
		{120E9EFE-0CAA-4F51-B5BF-0EDE48FA13F5} = {3DD260DD-D3FA-460F-8A43-08220B809952}
		{E09786C4-6BF9-49E9-9FD1-2081906419B5} = {3DD260DD-D3FA-460F-8A43-08220B809952}
		{89C88B68-D777-496B-92C2-1973AA281567} = {421201F1-662D-4770-842F-6940BCE43F85}
		{0BBCA856-8304-4BAC-99B3-CB98BD039689} = {421201F1-662D-4770-842F-6940BCE43F85}
		{CCC03258-B2AA-4319-9E0D-73BBCEB7E669} = {3DD260DD-D3FA-460F-8A43-08220B809952}
		{5DC6502D-14F5-4652-9643-5AFCA57E10C5} = {421201F1-662D-4770-842F-6940BCE43F85}
		{A15FE2AE-01C0-4873-B129-41588595EE72} = {3DD260DD-D3FA-460F-8A43-08220B809952}
		{82B24B31-3DD2-4A81-9148-030347699E1B} = {421201F1-662D-4770-842F-6940BCE43F85}
	EndGlobalSection
	GlobalSection(ExtensibilityGlobals) = postSolution
		SolutionGuid = {A4D45B94-F539-4600-8A83-80DE10F3D708}
	EndGlobalSection
EndGlobal
